
Microsoft Visual Studio Solution File, Format Version 12.00
# Visual Studio Version 16
VisualStudioVersion = 16.0.33423.256
MinimumVisualStudioVersion = 10.0.40219.1
Project("{FAE04EC0-301F-11D3-BF4B-00C04F79EFBC}") = "Pipe Flow Overlay", "Pipe Flow Overlay\Pipe Flow Overlay.csproj", "{54F6648C-7E3E-455D-B57A-06B68E30532D}"
EndProject
Global
	GlobalSection(SolutionConfigurationPlatforms) = preSolution
		Debug|Any CPU = Debug|Any CPU
		Release|Any CPU = Release|Any CPU
	EndGlobalSection
	GlobalSection(ProjectConfigurationPlatforms) = postSolution
		{54F6648C-7E3E-455D-B57A-06B68E30532D}.Debug|Any CPU.ActiveCfg = Debug|Any CPU
		{54F6648C-7E3E-455D-B57A-06B68E30532D}.Debug|Any CPU.Build.0 = Debug|Any CPU
		{54F6648C-7E3E-455D-B57A-06B68E30532D}.Release|Any CPU.ActiveCfg = Release|Any CPU
		{54F6648C-7E3E-455D-B57A-06B68E30532D}.Release|Any CPU.Build.0 = Release|Any CPU
	EndGlobalSection
	GlobalSection(SolutionProperties) = preSolution
		HideSolutionNode = FALSE
	EndGlobalSection
	GlobalSection(ExtensibilityGlobals) = postSolution
		SolutionGuid = {375FC1D8-7F4D-4932-994B-743BE490E9CB}
	EndGlobalSection
EndGlobal
